
Microsoft Visual Studio Solution File, Format Version 12.00
# Visual Studio Version 16
VisualStudioVersion = 16.0.31129.286
MinimumVisualStudioVersion = 10.0.40219.1
Project("{9A19103F-16F7-4668-BE54-9A1E7A4F7556}") = "HornbillRhinoPlugin", "HornbillRhinoPlugin\HornbillRhinoPlugin.csproj", "{2A71BB5E-524E-431B-8958-91DD04C86FFB}"
EndProject
Project("{FAE04EC0-301F-11D3-BF4B-00C04F79EFBC}") = "RhinoHornbill", "RhinoHornbill\RhinoHornbill.csproj", "{2AF46A26-146F-4EC5-82F9-FEB60E19CC4D}"
EndProject
Global
	GlobalSection(SolutionConfigurationPlatforms) = preSolution
		Debug|Any CPU = Debug|Any CPU
		Release|Any CPU = Release|Any CPU
	EndGlobalSection
	GlobalSection(ProjectConfigurationPlatforms) = postSolution
		{2A71BB5E-524E-431B-8958-91DD04C86FFB}.Debug|Any CPU.ActiveCfg = Debug|Any CPU
		{2A71BB5E-524E-431B-8958-91DD04C86FFB}.Debug|Any CPU.Build.0 = Debug|Any CPU
		{2A71BB5E-524E-431B-8958-91DD04C86FFB}.Release|Any CPU.ActiveCfg = Release|Any CPU
		{2A71BB5E-524E-431B-8958-91DD04C86FFB}.Release|Any CPU.Build.0 = Release|Any CPU
		{2AF46A26-146F-4EC5-82F9-FEB60E19CC4D}.Debug|Any CPU.ActiveCfg = Debug|Any CPU
		{2AF46A26-146F-4EC5-82F9-FEB60E19CC4D}.Debug|Any CPU.Build.0 = Debug|Any CPU
		{2AF46A26-146F-4EC5-82F9-FEB60E19CC4D}.Release|Any CPU.ActiveCfg = Release|Any CPU
		{2AF46A26-146F-4EC5-82F9-FEB60E19CC4D}.Release|Any CPU.Build.0 = Release|Any CPU
	EndGlobalSection
	GlobalSection(SolutionProperties) = preSolution
		HideSolutionNode = FALSE
	EndGlobalSection
	GlobalSection(ExtensibilityGlobals) = postSolution
		SolutionGuid = {58B2072B-67B6-4C78-9163-5DD94A994D8F}
	EndGlobalSection
EndGlobal
